// !$*UTF8*$!
{
	archiveVersion = 1;
	classes = {
	};
	objectVersion = 55;
	objects = {

/* Begin PBXBuildFile section */
		99039220282E9CB700CAC085 /* HauntedHouseViewController.swift in Sources */ = {isa = PBXBuildFile; fileRef = 9903921F282E9CB700CAC085 /* HauntedHouseViewController.swift */; };
		FA0602D3285A35D10063868D /* DisplayStoryViewController.storyboard in Resources */ = {isa = PBXBuildFile; fileRef = FA0602D2285A35D10063868D /* DisplayStoryViewController.storyboard */; };
		FA0602D5285A35E70063868D /* DisplayStoryViewController.swift in Sources */ = {isa = PBXBuildFile; fileRef = FA0602D4285A35E70063868D /* DisplayStoryViewController.swift */; };
		FABDA71A284F9FA500799CFB /* MainViewController.swift in Sources */ = {isa = PBXBuildFile; fileRef = FABDA719284F9FA500799CFB /* MainViewController.swift */; };
		FAC70E802821680500E44253 /* AppDelegate.swift in Sources */ = {isa = PBXBuildFile; fileRef = FAC70E7F2821680500E44253 /* AppDelegate.swift */; };
		FAC70E822821680500E44253 /* SceneDelegate.swift in Sources */ = {isa = PBXBuildFile; fileRef = FAC70E812821680500E44253 /* SceneDelegate.swift */; };
		FAC70E872821680500E44253 /* Main.storyboard in Resources */ = {isa = PBXBuildFile; fileRef = FAC70E852821680500E44253 /* Main.storyboard */; };
		FAC70E892821680600E44253 /* Assets.xcassets in Resources */ = {isa = PBXBuildFile; fileRef = FAC70E882821680600E44253 /* Assets.xcassets */; };
		FAC70E8C2821680600E44253 /* LaunchScreen.storyboard in Resources */ = {isa = PBXBuildFile; fileRef = FAC70E8A2821680600E44253 /* LaunchScreen.storyboard */; };
		FAC70E94282178A200E44253 /* GoosebumpsViewController.swift in Sources */ = {isa = PBXBuildFile; fileRef = FAC70E93282178A200E44253 /* GoosebumpsViewController.swift */; };
		FAC70E97282178DF00E44253 /* 80sMovieViewController.swift in Sources */ = {isa = PBXBuildFile; fileRef = FAC70E96282178DF00E44253 /* 80sMovieViewController.swift */; };
		FAC70E992821791B00E44253 /* Dream.swift in Sources */ = {isa = PBXBuildFile; fileRef = FAC70E982821791B00E44253 /* Dream.swift */; };
		FAC70E9B2821792500E44253 /* HerosQuest.swift in Sources */ = {isa = PBXBuildFile; fileRef = FAC70E9A2821792500E44253 /* HerosQuest.swift */; };
/* End PBXBuildFile section */

/* Begin PBXFileReference section */
		9903921F282E9CB700CAC085 /* HauntedHouseViewController.swift */ = {isa = PBXFileReference; lastKnownFileType = sourcecode.swift; path = HauntedHouseViewController.swift; sourceTree = "<group>"; };
		FA0602D2285A35D10063868D /* DisplayStoryViewController.storyboard */ = {isa = PBXFileReference; lastKnownFileType = file.storyboard; path = DisplayStoryViewController.storyboard; sourceTree = "<group>"; };
		FA0602D4285A35E70063868D /* DisplayStoryViewController.swift */ = {isa = PBXFileReference; lastKnownFileType = sourcecode.swift; path = DisplayStoryViewController.swift; sourceTree = "<group>"; };
		FABDA719284F9FA500799CFB /* MainViewController.swift */ = {isa = PBXFileReference; lastKnownFileType = sourcecode.swift; path = MainViewController.swift; sourceTree = "<group>"; };
		FAC70E7C2821680500E44253 /* MadLib Group Project.app */ = {isa = PBXFileReference; explicitFileType = wrapper.application; includeInIndex = 0; path = "MadLib Group Project.app"; sourceTree = BUILT_PRODUCTS_DIR; };
		FAC70E7F2821680500E44253 /* AppDelegate.swift */ = {isa = PBXFileReference; lastKnownFileType = sourcecode.swift; path = AppDelegate.swift; sourceTree = "<group>"; };
		FAC70E812821680500E44253 /* SceneDelegate.swift */ = {isa = PBXFileReference; lastKnownFileType = sourcecode.swift; path = SceneDelegate.swift; sourceTree = "<group>"; };
		FAC70E862821680500E44253 /* Base */ = {isa = PBXFileReference; lastKnownFileType = file.storyboard; name = Base; path = Base.lproj/Main.storyboard; sourceTree = "<group>"; };
		FAC70E882821680600E44253 /* Assets.xcassets */ = {isa = PBXFileReference; lastKnownFileType = folder.assetcatalog; path = Assets.xcassets; sourceTree = "<group>"; };
		FAC70E8B2821680600E44253 /* Base */ = {isa = PBXFileReference; lastKnownFileType = file.storyboard; name = Base; path = Base.lproj/LaunchScreen.storyboard; sourceTree = "<group>"; };
		FAC70E8D2821680600E44253 /* Info.plist */ = {isa = PBXFileReference; lastKnownFileType = text.plist.xml; path = Info.plist; sourceTree = "<group>"; };
		FAC70E93282178A200E44253 /* GoosebumpsViewController.swift */ = {isa = PBXFileReference; lastKnownFileType = sourcecode.swift; path = GoosebumpsViewController.swift; sourceTree = "<group>"; };
		FAC70E96282178DF00E44253 /* 80sMovieViewController.swift */ = {isa = PBXFileReference; lastKnownFileType = sourcecode.swift; path = 80sMovieViewController.swift; sourceTree = "<group>"; };
		FAC70E982821791B00E44253 /* Dream.swift */ = {isa = PBXFileReference; lastKnownFileType = sourcecode.swift; path = Dream.swift; sourceTree = "<group>"; };
		FAC70E9A2821792500E44253 /* HerosQuest.swift */ = {isa = PBXFileReference; lastKnownFileType = sourcecode.swift; path = HerosQuest.swift; sourceTree = "<group>"; };
/* End PBXFileReference section */

/* Begin PBXFrameworksBuildPhase section */
		FAC70E792821680500E44253 /* Frameworks */ = {
			isa = PBXFrameworksBuildPhase;
			buildActionMask = 2147483647;
			files = (
			);
			runOnlyForDeploymentPostprocessing = 0;
		};
/* End PBXFrameworksBuildPhase section */

/* Begin PBXGroup section */
		FAC70E732821680500E44253 = {
			isa = PBXGroup;
			children = (
				FAC70E7E2821680500E44253 /* MadLib Group Project */,
				FAC70E7D2821680500E44253 /* Products */,
			);
			sourceTree = "<group>";
		};
		FAC70E7D2821680500E44253 /* Products */ = {
			isa = PBXGroup;
			children = (
				FAC70E7C2821680500E44253 /* MadLib Group Project.app */,
			);
			name = Products;
			sourceTree = "<group>";
		};
		FAC70E7E2821680500E44253 /* MadLib Group Project */ = {
			isa = PBXGroup;
			children = (
				FAC70E95282178AF00E44253 /* View Controllers */,
				FAC70E852821680500E44253 /* Main.storyboard */,
				FA0602D2285A35D10063868D /* DisplayStoryViewController.storyboard */,
				FA0602D4285A35E70063868D /* DisplayStoryViewController.swift */,
				FAC70E882821680600E44253 /* Assets.xcassets */,
				FAC70E8A2821680600E44253 /* LaunchScreen.storyboard */,
				FAC70E7F2821680500E44253 /* AppDelegate.swift */,
				FAC70E812821680500E44253 /* SceneDelegate.swift */,
				FAC70E8D2821680600E44253 /* Info.plist */,
			);
			path = "MadLib Group Project";
			sourceTree = "<group>";
		};
		FAC70E95282178AF00E44253 /* View Controllers */ = {
			isa = PBXGroup;
			children = (
				FAC70E93282178A200E44253 /* GoosebumpsViewController.swift */,
				FAC70E96282178DF00E44253 /* 80sMovieViewController.swift */,
				FAC70E982821791B00E44253 /* Dream.swift */,
				FABDA719284F9FA500799CFB /* MainViewController.swift */,
				FAC70E9A2821792500E44253 /* HerosQuest.swift */,
				9903921F282E9CB700CAC085 /* HauntedHouseViewController.swift */,
			);
			path = "View Controllers";
			sourceTree = "<group>";
		};
/* End PBXGroup section */

/* Begin PBXNativeTarget section */
		FAC70E7B2821680500E44253 /* MadLib Group Project */ = {
			isa = PBXNativeTarget;
			buildConfigurationList = FAC70E902821680600E44253 /* Build configuration list for PBXNativeTarget "MadLib Group Project" */;
			buildPhases = (
				FAC70E782821680500E44253 /* Sources */,
				FAC70E792821680500E44253 /* Frameworks */,
				FAC70E7A2821680500E44253 /* Resources */,
			);
			buildRules = (
			);
			dependencies = (
			);
			name = "MadLib Group Project";
			productName = "MadLib Group Project";
			productReference = FAC70E7C2821680500E44253 /* MadLib Group Project.app */;
			productType = "com.apple.product-type.application";
		};
/* End PBXNativeTarget section */

/* Begin PBXProject section */
		FAC70E742821680500E44253 /* Project object */ = {
			isa = PBXProject;
			attributes = {
				BuildIndependentTargetsInParallel = 1;
				LastSwiftUpdateCheck = 1330;
				LastUpgradeCheck = 1330;
				TargetAttributes = {
					FAC70E7B2821680500E44253 = {
						CreatedOnToolsVersion = 13.3.1;
					};
				};
			};
			buildConfigurationList = FAC70E772821680500E44253 /* Build configuration list for PBXProject "MadLib Group Project" */;
			compatibilityVersion = "Xcode 13.0";
			developmentRegion = en;
			hasScannedForEncodings = 0;
			knownRegions = (
				en,
				Base,
			);
			mainGroup = FAC70E732821680500E44253;
			productRefGroup = FAC70E7D2821680500E44253 /* Products */;
			projectDirPath = "";
			projectRoot = "";
			targets = (
				FAC70E7B2821680500E44253 /* MadLib Group Project */,
			);
		};
/* End PBXProject section */

/* Begin PBXResourcesBuildPhase section */
		FAC70E7A2821680500E44253 /* Resources */ = {
			isa = PBXResourcesBuildPhase;
			buildActionMask = 2147483647;
			files = (
				FAC70E8C2821680600E44253 /* LaunchScreen.storyboard in Resources */,
				FAC70E892821680600E44253 /* Assets.xcassets in Resources */,
				FA0602D3285A35D10063868D /* DisplayStoryViewController.storyboard in Resources */,
				FAC70E872821680500E44253 /* Main.storyboard in Resources */,
			);
			runOnlyForDeploymentPostprocessing = 0;
		};
/* End PBXResourcesBuildPhase section */

/* Begin PBXSourcesBuildPhase section */
		FAC70E782821680500E44253 /* Sources */ = {
			isa = PBXSourcesBuildPhase;
			buildActionMask = 2147483647;
			files = (
				FAC70E9B2821792500E44253 /* HerosQuest.swift in Sources */,
				99039220282E9CB700CAC085 /* HauntedHouseViewController.swift in Sources */,
				FAC70E94282178A200E44253 /* GoosebumpsViewController.swift in Sources */,
				FAC70E97282178DF00E44253 /* 80sMovieViewController.swift in Sources */,
				FAC70E802821680500E44253 /* AppDelegate.swift in Sources */,
				FAC70E822821680500E44253 /* SceneDelegate.swift in Sources */,
				FA0602D5285A35E70063868D /* DisplayStoryViewController.swift in Sources */,
				FAC70E992821791B00E44253 /* Dream.swift in Sources */,
				FABDA71A284F9FA500799CFB /* MainViewController.swift in Sources */,
			);
			runOnlyForDeploymentPostprocessing = 0;
		};
/* End PBXSourcesBuildPhase section */

/* Begin PBXVariantGroup section */
		FAC70E852821680500E44253 /* Main.storyboard */ = {
			isa = PBXVariantGroup;
			children = (
				FAC70E862821680500E44253 /* Base */,
			);
			name = Main.storyboard;
			sourceTree = "<group>";
		};
		FAC70E8A2821680600E44253 /* LaunchScreen.storyboard */ = {
			isa = PBXVariantGroup;
			children = (
				FAC70E8B2821680600E44253 /* Base */,
			);
			name = LaunchScreen.storyboard;
			sourceTree = "<group>";
		};
/* End PBXVariantGroup section */

/* Begin XCBuildConfiguration section */
		FAC70E8E2821680600E44253 /* Debug */ = {
			isa = XCBuildConfiguration;
			buildSettings = {
				ALWAYS_SEARCH_USER_PATHS = NO;
				CLANG_ANALYZER_NONNULL = YES;
				CLANG_ANALYZER_NUMBER_OBJECT_CONVERSION = YES_AGGRESSIVE;
				CLANG_CXX_LANGUAGE_STANDARD = "gnu++17";
				CLANG_ENABLE_MODULES = YES;
				CLANG_ENABLE_OBJC_ARC = YES;
				CLANG_ENABLE_OBJC_WEAK = YES;
				CLANG_WARN_BLOCK_CAPTURE_AUTORELEASING = YES;
				CLANG_WARN_BOOL_CONVERSION = YES;
				CLANG_WARN_COMMA = YES;
				CLANG_WARN_CONSTANT_CONVERSION = YES;
				CLANG_WARN_DEPRECATED_OBJC_IMPLEMENTATIONS = YES;
				CLANG_WARN_DIRECT_OBJC_ISA_USAGE = YES_ERROR;
				CLANG_WARN_DOCUMENTATION_COMMENTS = YES;
				CLANG_WARN_EMPTY_BODY = YES;
				CLANG_WARN_ENUM_CONVERSION = YES;
				CLANG_WARN_INFINITE_RECURSION = YES;
				CLANG_WARN_INT_CONVERSION = YES;
				CLANG_WARN_NON_LITERAL_NULL_CONVERSION = YES;
				CLANG_WARN_OBJC_IMPLICIT_RETAIN_SELF = YES;
				CLANG_WARN_OBJC_LITERAL_CONVERSION = YES;
				CLANG_WARN_OBJC_ROOT_CLASS = YES_ERROR;
				CLANG_WARN_QUOTED_INCLUDE_IN_FRAMEWORK_HEADER = YES;
				CLANG_WARN_RANGE_LOOP_ANALYSIS = YES;
				CLANG_WARN_STRICT_PROTOTYPES = YES;
				CLANG_WARN_SUSPICIOUS_MOVE = YES;
				CLANG_WARN_UNGUARDED_AVAILABILITY = YES_AGGRESSIVE;
				CLANG_WARN_UNREACHABLE_CODE = YES;
				CLANG_WARN__DUPLICATE_METHOD_MATCH = YES;
				COPY_PHASE_STRIP = NO;
				DEBUG_INFORMATION_FORMAT = dwarf;
				ENABLE_STRICT_OBJC_MSGSEND = YES;
				ENABLE_TESTABILITY = YES;
				GCC_C_LANGUAGE_STANDARD = gnu11;
				GCC_DYNAMIC_NO_PIC = NO;
				GCC_NO_COMMON_BLOCKS = YES;
				GCC_OPTIMIZATION_LEVEL = 0;
				GCC_PREPROCESSOR_DEFINITIONS = (
					"DEBUG=1",
					"$(inherited)",
				);
				GCC_WARN_64_TO_32_BIT_CONVERSION = YES;
				GCC_WARN_ABOUT_RETURN_TYPE = YES_ERROR;
				GCC_WARN_UNDECLARED_SELECTOR = YES;
				GCC_WARN_UNINITIALIZED_AUTOS = YES_AGGRESSIVE;
				GCC_WARN_UNUSED_FUNCTION = YES;
				GCC_WARN_UNUSED_VARIABLE = YES;
				IPHONEOS_DEPLOYMENT_TARGET = 15.4;
				MTL_ENABLE_DEBUG_INFO = INCLUDE_SOURCE;
				MTL_FAST_MATH = YES;
				ONLY_ACTIVE_ARCH = YES;
				SDKROOT = iphoneos;
				SWIFT_ACTIVE_COMPILATION_CONDITIONS = DEBUG;
				SWIFT_OPTIMIZATION_LEVEL = "-Onone";
			};
			name = Debug;
		};
		FAC70E8F2821680600E44253 /* Release */ = {
			isa = XCBuildConfiguration;
			buildSettings = {
				ALWAYS_SEARCH_USER_PATHS = NO;
				CLANG_ANALYZER_NONNULL = YES;
				CLANG_ANALYZER_NUMBER_OBJECT_CONVERSION = YES_AGGRESSIVE;
				CLANG_CXX_LANGUAGE_STANDARD = "gnu++17";
				CLANG_ENABLE_MODULES = YES;
				CLANG_ENABLE_OBJC_ARC = YES;
				CLANG_ENABLE_OBJC_WEAK = YES;
				CLANG_WARN_BLOCK_CAPTURE_AUTORELEASING = YES;
				CLANG_WARN_BOOL_CONVERSION = YES;
				CLANG_WARN_COMMA = YES;
				CLANG_WARN_CONSTANT_CONVERSION = YES;
				CLANG_WARN_DEPRECATED_OBJC_IMPLEMENTATIONS = YES;
				CLANG_WARN_DIRECT_OBJC_ISA_USAGE = YES_ERROR;
				CLANG_WARN_DOCUMENTATION_COMMENTS = YES;
				CLANG_WARN_EMPTY_BODY = YES;
				CLANG_WARN_ENUM_CONVERSION = YES;
				CLANG_WARN_INFINITE_RECURSION = YES;
				CLANG_WARN_INT_CONVERSION = YES;
				CLANG_WARN_NON_LITERAL_NULL_CONVERSION = YES;
				CLANG_WARN_OBJC_IMPLICIT_RETAIN_SELF = YES;
				CLANG_WARN_OBJC_LITERAL_CONVERSION = YES;
				CLANG_WARN_OBJC_ROOT_CLASS = YES_ERROR;
				CLANG_WARN_QUOTED_INCLUDE_IN_FRAMEWORK_HEADER = YES;
				CLANG_WARN_RANGE_LOOP_ANALYSIS = YES;
				CLANG_WARN_STRICT_PROTOTYPES = YES;
				CLANG_WARN_SUSPICIOUS_MOVE = YES;
				CLANG_WARN_UNGUARDED_AVAILABILITY = YES_AGGRESSIVE;
				CLANG_WARN_UNREACHABLE_CODE = YES;
				CLANG_WARN__DUPLICATE_METHOD_MATCH = YES;
				COPY_PHASE_STRIP = NO;
				DEBUG_INFORMATION_FORMAT = "dwarf-with-dsym";
				ENABLE_NS_ASSERTIONS = NO;
				ENABLE_STRICT_OBJC_MSGSEND = YES;
				GCC_C_LANGUAGE_STANDARD = gnu11;
				GCC_NO_COMMON_BLOCKS = YES;
				GCC_WARN_64_TO_32_BIT_CONVERSION = YES;
				GCC_WARN_ABOUT_RETURN_TYPE = YES_ERROR;
				GCC_WARN_UNDECLARED_SELECTOR = YES;
				GCC_WARN_UNINITIALIZED_AUTOS = YES_AGGRESSIVE;
				GCC_WARN_UNUSED_FUNCTION = YES;
				GCC_WARN_UNUSED_VARIABLE = YES;
				IPHONEOS_DEPLOYMENT_TARGET = 15.4;
				MTL_ENABLE_DEBUG_INFO = NO;
				MTL_FAST_MATH = YES;
				SDKROOT = iphoneos;
				SWIFT_COMPILATION_MODE = wholemodule;
				SWIFT_OPTIMIZATION_LEVEL = "-O";
				VALIDATE_PRODUCT = YES;
			};
			name = Release;
		};
		FAC70E912821680600E44253 /* Debug */ = {
			isa = XCBuildConfiguration;
			buildSettings = {
				ASSETCATALOG_COMPILER_APPICON_NAME = AppIcon;
				ASSETCATALOG_COMPILER_GLOBAL_ACCENT_COLOR_NAME = AccentColor;
				CODE_SIGN_STYLE = Automatic;
				CURRENT_PROJECT_VERSION = 1;
				DEVELOPMENT_TEAM = VPBLQP97SM;
				GENERATE_INFOPLIST_FILE = YES;
				INFOPLIST_FILE = "MadLib Group Project/Info.plist";
				INFOPLIST_KEY_UIApplicationSupportsIndirectInputEvents = YES;
				INFOPLIST_KEY_UILaunchStoryboardName = LaunchScreen;
				INFOPLIST_KEY_UIMainStoryboardFile = Main;
				INFOPLIST_KEY_UISupportedInterfaceOrientations_iPad = "UIInterfaceOrientationPortrait UIInterfaceOrientationPortraitUpsideDown UIInterfaceOrientationLandscapeLeft UIInterfaceOrientationLandscapeRight";
				INFOPLIST_KEY_UISupportedInterfaceOrientations_iPhone = "UIInterfaceOrientationPortrait UIInterfaceOrientationLandscapeLeft UIInterfaceOrientationLandscapeRight";
				LD_RUNPATH_SEARCH_PATHS = (
					"$(inherited)",
					"@executable_path/Frameworks",
				);
				MARKETING_VERSION = 1.0;
				PRODUCT_BUNDLE_IDENTIFIER = "com.Parker.MadLib-Group-Project";
				PRODUCT_NAME = "$(TARGET_NAME)";
				SWIFT_EMIT_LOC_STRINGS = YES;
				SWIFT_VERSION = 5.0;
				TARGETED_DEVICE_FAMILY = "1,2";
			};
			name = Debug;
		};
		FAC70E922821680600E44253 /* Release */ = {
			isa = XCBuildConfiguration;
			buildSettings = {
				ASSETCATALOG_COMPILER_APPICON_NAME = AppIcon;
				ASSETCATALOG_COMPILER_GLOBAL_ACCENT_COLOR_NAME = AccentColor;
				CODE_SIGN_STYLE = Automatic;
				CURRENT_PROJECT_VERSION = 1;
				DEVELOPMENT_TEAM = VPBLQP97SM;
				GENERATE_INFOPLIST_FILE = YES;
				INFOPLIST_FILE = "MadLib Group Project/Info.plist";
				INFOPLIST_KEY_UIApplicationSupportsIndirectInputEvents = YES;
				INFOPLIST_KEY_UILaunchStoryboardName = LaunchScreen;
				INFOPLIST_KEY_UIMainStoryboardFile = Main;
				INFOPLIST_KEY_UISupportedInterfaceOrientations_iPad = "UIInterfaceOrientationPortrait UIInterfaceOrientationPortraitUpsideDown UIInterfaceOrientationLandscapeLeft UIInterfaceOrientationLandscapeRight";
				INFOPLIST_KEY_UISupportedInterfaceOrientations_iPhone = "UIInterfaceOrientationPortrait UIInterfaceOrientationLandscapeLeft UIInterfaceOrientationLandscapeRight";
				LD_RUNPATH_SEARCH_PATHS = (
					"$(inherited)",
					"@executable_path/Frameworks",
				);
				MARKETING_VERSION = 1.0;
				PRODUCT_BUNDLE_IDENTIFIER = "com.Parker.MadLib-Group-Project";
				PRODUCT_NAME = "$(TARGET_NAME)";
				SWIFT_EMIT_LOC_STRINGS = YES;
				SWIFT_VERSION = 5.0;
				TARGETED_DEVICE_FAMILY = "1,2";
			};
			name = Release;
		};
/* End XCBuildConfiguration section */

/* Begin XCConfigurationList section */
		FAC70E772821680500E44253 /* Build configuration list for PBXProject "MadLib Group Project" */ = {
			isa = XCConfigurationList;
			buildConfigurations = (
				FAC70E8E2821680600E44253 /* Debug */,
				FAC70E8F2821680600E44253 /* Release */,
			);
			defaultConfigurationIsVisible = 0;
			defaultConfigurationName = Release;
		};
		FAC70E902821680600E44253 /* Build configuration list for PBXNativeTarget "MadLib Group Project" */ = {
			isa = XCConfigurationList;
			buildConfigurations = (
				FAC70E912821680600E44253 /* Debug */,
				FAC70E922821680600E44253 /* Release */,
			);
			defaultConfigurationIsVisible = 0;
			defaultConfigurationName = Release;
		};
/* End XCConfigurationList section */
	};
	rootObject = FAC70E742821680500E44253 /* Project object */;
}
